
Microsoft Visual Studio Solution File, Format Version 12.00
# Visual Studio Version 17
VisualStudioVersion = 17.0.31903.59
MinimumVisualStudioVersion = 10.0.40219.1
Project("{2150E333-8FDC-42A3-9474-1A3956D46DE8}") = "Solution Items", "Solution Items", "{6DFCE5BB-1112-4EAA-B99B-A271F67552A1}"
	ProjectSection(SolutionItems) = preProject
		.editorconfig = .editorconfig
		Directory.Build.props = Directory.Build.props
		src\Directory.Build.props = src\Directory.Build.props
		Directory.Packages.props = Directory.Packages.props
	EndProjectSection
EndProject
Project("{2150E333-8FDC-42A3-9474-1A3956D46DE8}") = "src", "src", "{4A3B07F0-5B27-4A84-82B6-F63409C3C302}"
EndProject
Project("{FAE04EC0-301F-11D3-BF4B-00C04F79EFBC}") = "Core", "src\Core\Core.csproj", "{F36F50B9-36CF-49E5-B8F3-7B1527A5AE5F}"
EndProject
Project("{FAE04EC0-301F-11D3-BF4B-00C04F79EFBC}") = "Queries", "src\Queries\Queries.csproj", "{D4B520A0-9B53-4853-B18E-9E3447122552}"
EndProject
Project("{FAE04EC0-301F-11D3-BF4B-00C04F79EFBC}") = "Models", "src\Models\Models.csproj", "{063BB679-347C-43E8-AF61-CA950BC134C5}"
EndProject
Project("{2150E333-8FDC-42A3-9474-1A3956D46DE8}") = "tests", "tests", "{95664072-A5E1-4D90-ADDF-A2A3AC3D7836}"
EndProject
Project("{2150E333-8FDC-42A3-9474-1A3956D46DE8}") = "unit", "unit", "{CE9EAB85-A65A-4B85-A1C2-CDF8DC5B3C4A}"
EndProject
Project("{2150E333-8FDC-42A3-9474-1A3956D46DE8}") = "Core", "Core", "{6690C3FB-ABBE-4C1A-8755-A05ED66AAC9A}"
EndProject
Project("{FAE04EC0-301F-11D3-BF4B-00C04F79EFBC}") = "ParamsCSharpMethodArgumentIdentifier", "tests\unit\Core\ParamsCSharpMethodArgumentIdentifier\ParamsCSharpMethodArgumentIdentifier.csproj", "{C9C81523-3C4E-45AB-9EE7-AEA59953C1E6}"
EndProject
Project("{FAE04EC0-301F-11D3-BF4B-00C04F79EFBC}") = "SyntacticCSharpMethodAssociator", "tests\unit\Core\SyntacticCSharpMethodAssociator\SyntacticCSharpMethodAssociator.csproj", "{49A28017-9D5D-4E68-903C-95E3CFB9C73E}"
EndProject
Project("{2150E333-8FDC-42A3-9474-1A3956D46DE8}") = "integration", "integration", "{7402EEB1-1B0E-4D3D-97BC-E486CB064DAE}"
EndProject
Project("{2150E333-8FDC-42A3-9474-1A3956D46DE8}") = "Core", "Core", "{92AB0E52-4534-4432-A9AD-544B15934673}"
EndProject
Project("{2150E333-8FDC-42A3-9474-1A3956D46DE8}") = "ParamsCSharpMethodArgumentIdentifier", "ParamsCSharpMethodArgumentIdentifier", "{45D49A3B-77E9-4A1E-8C85-851575E4D292}"
EndProject
Project("{FAE04EC0-301F-11D3-BF4B-00C04F79EFBC}") = "ParamsCSharpMethodArgumentIdentifier_CSharp12", "tests\integration\Core\ParamsCSharpMethodArgumentIdentifier\CSharp12\ParamsCSharpMethodArgumentIdentifier_CSharp12.csproj", "{DF14A46F-D483-4ED0-9343-C235BE75A27B}"
EndProject
Project("{2150E333-8FDC-42A3-9474-1A3956D46DE8}") = "SyntacticCSharpMethodAssociator", "SyntacticCSharpMethodAssociator", "{8AAD34D6-A2D1-4CCA-98EA-F46482A3B3E5}"
EndProject
Project("{FAE04EC0-301F-11D3-BF4B-00C04F79EFBC}") = "SyntacticCSharpMethodAssociator_CSharp12", "tests\integration\Core\SyntacticCSharpMethodAssociator\CSharp12\SyntacticCSharpMethodAssociator_CSharp12.csproj", "{6E38AC38-7ED5-4E4C-8ABB-DA0F80FAF16F}"
EndProject
Global
	GlobalSection(SolutionConfigurationPlatforms) = preSolution
		Debug|Any CPU = Debug|Any CPU
		Release|Any CPU = Release|Any CPU
	EndGlobalSection
	GlobalSection(ProjectConfigurationPlatforms) = postSolution
		{F36F50B9-36CF-49E5-B8F3-7B1527A5AE5F}.Debug|Any CPU.ActiveCfg = Debug|Any CPU
		{F36F50B9-36CF-49E5-B8F3-7B1527A5AE5F}.Debug|Any CPU.Build.0 = Debug|Any CPU
		{F36F50B9-36CF-49E5-B8F3-7B1527A5AE5F}.Release|Any CPU.ActiveCfg = Release|Any CPU
		{F36F50B9-36CF-49E5-B8F3-7B1527A5AE5F}.Release|Any CPU.Build.0 = Release|Any CPU
		{D4B520A0-9B53-4853-B18E-9E3447122552}.Debug|Any CPU.ActiveCfg = Debug|Any CPU
		{D4B520A0-9B53-4853-B18E-9E3447122552}.Debug|Any CPU.Build.0 = Debug|Any CPU
		{D4B520A0-9B53-4853-B18E-9E3447122552}.Release|Any CPU.ActiveCfg = Release|Any CPU
		{D4B520A0-9B53-4853-B18E-9E3447122552}.Release|Any CPU.Build.0 = Release|Any CPU
		{063BB679-347C-43E8-AF61-CA950BC134C5}.Debug|Any CPU.ActiveCfg = Debug|Any CPU
		{063BB679-347C-43E8-AF61-CA950BC134C5}.Debug|Any CPU.Build.0 = Debug|Any CPU
		{063BB679-347C-43E8-AF61-CA950BC134C5}.Release|Any CPU.ActiveCfg = Release|Any CPU
		{063BB679-347C-43E8-AF61-CA950BC134C5}.Release|Any CPU.Build.0 = Release|Any CPU
		{C9C81523-3C4E-45AB-9EE7-AEA59953C1E6}.Debug|Any CPU.ActiveCfg = Debug|Any CPU
		{C9C81523-3C4E-45AB-9EE7-AEA59953C1E6}.Debug|Any CPU.Build.0 = Debug|Any CPU
		{C9C81523-3C4E-45AB-9EE7-AEA59953C1E6}.Release|Any CPU.ActiveCfg = Release|Any CPU
		{C9C81523-3C4E-45AB-9EE7-AEA59953C1E6}.Release|Any CPU.Build.0 = Release|Any CPU
		{49A28017-9D5D-4E68-903C-95E3CFB9C73E}.Debug|Any CPU.ActiveCfg = Debug|Any CPU
		{49A28017-9D5D-4E68-903C-95E3CFB9C73E}.Debug|Any CPU.Build.0 = Debug|Any CPU
		{49A28017-9D5D-4E68-903C-95E3CFB9C73E}.Release|Any CPU.ActiveCfg = Release|Any CPU
		{49A28017-9D5D-4E68-903C-95E3CFB9C73E}.Release|Any CPU.Build.0 = Release|Any CPU
		{DF14A46F-D483-4ED0-9343-C235BE75A27B}.Debug|Any CPU.ActiveCfg = Debug|Any CPU
		{DF14A46F-D483-4ED0-9343-C235BE75A27B}.Debug|Any CPU.Build.0 = Debug|Any CPU
		{DF14A46F-D483-4ED0-9343-C235BE75A27B}.Release|Any CPU.ActiveCfg = Release|Any CPU
		{DF14A46F-D483-4ED0-9343-C235BE75A27B}.Release|Any CPU.Build.0 = Release|Any CPU
		{6E38AC38-7ED5-4E4C-8ABB-DA0F80FAF16F}.Debug|Any CPU.ActiveCfg = Debug|Any CPU
		{6E38AC38-7ED5-4E4C-8ABB-DA0F80FAF16F}.Debug|Any CPU.Build.0 = Debug|Any CPU
		{6E38AC38-7ED5-4E4C-8ABB-DA0F80FAF16F}.Release|Any CPU.ActiveCfg = Release|Any CPU
		{6E38AC38-7ED5-4E4C-8ABB-DA0F80FAF16F}.Release|Any CPU.Build.0 = Release|Any CPU
	EndGlobalSection
	GlobalSection(SolutionProperties) = preSolution
		HideSolutionNode = FALSE
	EndGlobalSection
	GlobalSection(NestedProjects) = preSolution
		{F36F50B9-36CF-49E5-B8F3-7B1527A5AE5F} = {4A3B07F0-5B27-4A84-82B6-F63409C3C302}
		{D4B520A0-9B53-4853-B18E-9E3447122552} = {4A3B07F0-5B27-4A84-82B6-F63409C3C302}
		{063BB679-347C-43E8-AF61-CA950BC134C5} = {4A3B07F0-5B27-4A84-82B6-F63409C3C302}
		{CE9EAB85-A65A-4B85-A1C2-CDF8DC5B3C4A} = {95664072-A5E1-4D90-ADDF-A2A3AC3D7836}
		{6690C3FB-ABBE-4C1A-8755-A05ED66AAC9A} = {CE9EAB85-A65A-4B85-A1C2-CDF8DC5B3C4A}
		{C9C81523-3C4E-45AB-9EE7-AEA59953C1E6} = {6690C3FB-ABBE-4C1A-8755-A05ED66AAC9A}
		{49A28017-9D5D-4E68-903C-95E3CFB9C73E} = {6690C3FB-ABBE-4C1A-8755-A05ED66AAC9A}
		{7402EEB1-1B0E-4D3D-97BC-E486CB064DAE} = {95664072-A5E1-4D90-ADDF-A2A3AC3D7836}
		{92AB0E52-4534-4432-A9AD-544B15934673} = {7402EEB1-1B0E-4D3D-97BC-E486CB064DAE}
		{45D49A3B-77E9-4A1E-8C85-851575E4D292} = {92AB0E52-4534-4432-A9AD-544B15934673}
		{DF14A46F-D483-4ED0-9343-C235BE75A27B} = {45D49A3B-77E9-4A1E-8C85-851575E4D292}
		{8AAD34D6-A2D1-4CCA-98EA-F46482A3B3E5} = {92AB0E52-4534-4432-A9AD-544B15934673}
		{6E38AC38-7ED5-4E4C-8ABB-DA0F80FAF16F} = {8AAD34D6-A2D1-4CCA-98EA-F46482A3B3E5}
	EndGlobalSection
	GlobalSection(ExtensibilityGlobals) = postSolution
		SolutionGuid = {03179225-A3B7-47F2-BED2-FFC518DCFD28}
	EndGlobalSection
EndGlobal
