
Microsoft Visual Studio Solution File, Format Version 12.00
# Visual Studio Version 17
VisualStudioVersion = 17.0.31903.59
MinimumVisualStudioVersion = 10.0.40219.1
Project("{2150E333-8FDC-42A3-9474-1A3956D46DE8}") = "Solution Items", "Solution Items", "{6DFCE5BB-1112-4EAA-B99B-A271F67552A1}"
	ProjectSection(SolutionItems) = preProject
		.editorconfig = .editorconfig
		Directory.Build.props = Directory.Build.props
		src\Directory.Build.props = src\Directory.Build.props
		Directory.Packages.props = Directory.Packages.props
	EndProjectSection
EndProject
Project("{2150E333-8FDC-42A3-9474-1A3956D46DE8}") = "src", "src", "{4A3B07F0-5B27-4A84-82B6-F63409C3C302}"
EndProject
Project("{FAE04EC0-301F-11D3-BF4B-00C04F79EFBC}") = "Core", "src\Core\Core.csproj", "{F36F50B9-36CF-49E5-B8F3-7B1527A5AE5F}"
EndProject
Project("{FAE04EC0-301F-11D3-BF4B-00C04F79EFBC}") = "Queries", "src\Queries\Queries.csproj", "{D4B520A0-9B53-4853-B18E-9E3447122552}"
EndProject
Project("{FAE04EC0-301F-11D3-BF4B-00C04F79EFBC}") = "Models", "src\Models\Models.csproj", "{063BB679-347C-43E8-AF61-CA950BC134C5}"
EndProject
Project("{2150E333-8FDC-42A3-9474-1A3956D46DE8}") = "tests", "tests", "{95664072-A5E1-4D90-ADDF-A2A3AC3D7836}"
EndProject
Project("{2150E333-8FDC-42A3-9474-1A3956D46DE8}") = "unit", "unit", "{CE9EAB85-A65A-4B85-A1C2-CDF8DC5B3C4A}"
EndProject
Project("{2150E333-8FDC-42A3-9474-1A3956D46DE8}") = "Core", "Core", "{6690C3FB-ABBE-4C1A-8755-A05ED66AAC9A}"
EndProject
Project("{2150E333-8FDC-42A3-9474-1A3956D46DE8}") = "integration", "integration", "{7402EEB1-1B0E-4D3D-97BC-E486CB064DAE}"
EndProject
Project("{2150E333-8FDC-42A3-9474-1A3956D46DE8}") = "Core", "Core", "{92AB0E52-4534-4432-A9AD-544B15934673}"
EndProject
Project("{2150E333-8FDC-42A3-9474-1A3956D46DE8}") = "CSharpMethodAssociator", "CSharpMethodAssociator", "{3E76CA1B-FC93-455D-A96E-F58E71BFBCC4}"
EndProject
Project("{FAE04EC0-301F-11D3-BF4B-00C04F79EFBC}") = "CSharpMethodAssociator_CSharp12", "tests\integration\Core\CSharpMethodAssociator\CSharp12\CSharpMethodAssociator_CSharp12.csproj", "{B845FEA0-BCED-4B16-8282-2E58B17FA2F2}"
EndProject
Project("{FAE04EC0-301F-11D3-BF4B-00C04F79EFBC}") = "CSharpMethodAssociator", "tests\unit\Core\CSharpMethodAssociator\CSharpMethodAssociator.csproj", "{00330F86-0148-4DED-97FF-54C39A7070F8}"
EndProject
Project("{2150E333-8FDC-42A3-9474-1A3956D46DE8}") = "Errors", "Errors", "{75EEBF39-2A07-4C17-839D-9BE0E53BDB33}"
EndProject
Project("{FAE04EC0-301F-11D3-BF4B-00C04F79EFBC}") = "CSharpMethodAssociatorErrorHandler", "tests\unit\Core\Errors\CSharpMethodAssociatorErrorHandler\CSharpMethodAssociatorErrorHandler.csproj", "{FBF156D3-F5B8-40FF-9E18-05ED4309AA1F}"
EndProject
Project("{FAE04EC0-301F-11D3-BF4B-00C04F79EFBC}") = "CSharpMethodParamsArgumentDistinguisher", "tests\unit\Core\CSharpMethodParamsArgumentDistinguisher\CSharpMethodParamsArgumentDistinguisher.csproj", "{10598BDE-CE10-4EF4-B698-7CB753C60E0F}"
EndProject
Project("{2150E333-8FDC-42A3-9474-1A3956D46DE8}") = "CSharpMethodParamsArgumentDistinguisher", "CSharpMethodParamsArgumentDistinguisher", "{5BA165BD-19BE-48FA-A458-BF5CC67506FC}"
EndProject
Project("{FAE04EC0-301F-11D3-BF4B-00C04F79EFBC}") = "CSharpMethodParamsArgumentDistinguisher_CSharp12", "tests\integration\Core\CSharpMethodParamsArgumentDistinguisher\CSharp12\CSharpMethodParamsArgumentDistinguisher_CSharp12.csproj", "{97A08BAD-EBD6-489E-B907-77EA15CA498D}"
EndProject
Global
	GlobalSection(SolutionConfigurationPlatforms) = preSolution
		Debug|Any CPU = Debug|Any CPU
		Release|Any CPU = Release|Any CPU
	EndGlobalSection
	GlobalSection(ProjectConfigurationPlatforms) = postSolution
		{F36F50B9-36CF-49E5-B8F3-7B1527A5AE5F}.Debug|Any CPU.ActiveCfg = Debug|Any CPU
		{F36F50B9-36CF-49E5-B8F3-7B1527A5AE5F}.Debug|Any CPU.Build.0 = Debug|Any CPU
		{F36F50B9-36CF-49E5-B8F3-7B1527A5AE5F}.Release|Any CPU.ActiveCfg = Release|Any CPU
		{F36F50B9-36CF-49E5-B8F3-7B1527A5AE5F}.Release|Any CPU.Build.0 = Release|Any CPU
		{D4B520A0-9B53-4853-B18E-9E3447122552}.Debug|Any CPU.ActiveCfg = Debug|Any CPU
		{D4B520A0-9B53-4853-B18E-9E3447122552}.Debug|Any CPU.Build.0 = Debug|Any CPU
		{D4B520A0-9B53-4853-B18E-9E3447122552}.Release|Any CPU.ActiveCfg = Release|Any CPU
		{D4B520A0-9B53-4853-B18E-9E3447122552}.Release|Any CPU.Build.0 = Release|Any CPU
		{063BB679-347C-43E8-AF61-CA950BC134C5}.Debug|Any CPU.ActiveCfg = Debug|Any CPU
		{063BB679-347C-43E8-AF61-CA950BC134C5}.Debug|Any CPU.Build.0 = Debug|Any CPU
		{063BB679-347C-43E8-AF61-CA950BC134C5}.Release|Any CPU.ActiveCfg = Release|Any CPU
		{063BB679-347C-43E8-AF61-CA950BC134C5}.Release|Any CPU.Build.0 = Release|Any CPU
		{B845FEA0-BCED-4B16-8282-2E58B17FA2F2}.Debug|Any CPU.ActiveCfg = Debug|Any CPU
		{B845FEA0-BCED-4B16-8282-2E58B17FA2F2}.Debug|Any CPU.Build.0 = Debug|Any CPU
		{B845FEA0-BCED-4B16-8282-2E58B17FA2F2}.Release|Any CPU.ActiveCfg = Release|Any CPU
		{B845FEA0-BCED-4B16-8282-2E58B17FA2F2}.Release|Any CPU.Build.0 = Release|Any CPU
		{00330F86-0148-4DED-97FF-54C39A7070F8}.Debug|Any CPU.ActiveCfg = Debug|Any CPU
		{00330F86-0148-4DED-97FF-54C39A7070F8}.Debug|Any CPU.Build.0 = Debug|Any CPU
		{00330F86-0148-4DED-97FF-54C39A7070F8}.Release|Any CPU.ActiveCfg = Release|Any CPU
		{00330F86-0148-4DED-97FF-54C39A7070F8}.Release|Any CPU.Build.0 = Release|Any CPU
		{FBF156D3-F5B8-40FF-9E18-05ED4309AA1F}.Debug|Any CPU.ActiveCfg = Debug|Any CPU
		{FBF156D3-F5B8-40FF-9E18-05ED4309AA1F}.Debug|Any CPU.Build.0 = Debug|Any CPU
		{FBF156D3-F5B8-40FF-9E18-05ED4309AA1F}.Release|Any CPU.ActiveCfg = Release|Any CPU
		{FBF156D3-F5B8-40FF-9E18-05ED4309AA1F}.Release|Any CPU.Build.0 = Release|Any CPU
		{10598BDE-CE10-4EF4-B698-7CB753C60E0F}.Debug|Any CPU.ActiveCfg = Debug|Any CPU
		{10598BDE-CE10-4EF4-B698-7CB753C60E0F}.Debug|Any CPU.Build.0 = Debug|Any CPU
		{10598BDE-CE10-4EF4-B698-7CB753C60E0F}.Release|Any CPU.ActiveCfg = Release|Any CPU
		{10598BDE-CE10-4EF4-B698-7CB753C60E0F}.Release|Any CPU.Build.0 = Release|Any CPU
		{97A08BAD-EBD6-489E-B907-77EA15CA498D}.Debug|Any CPU.ActiveCfg = Debug|Any CPU
		{97A08BAD-EBD6-489E-B907-77EA15CA498D}.Debug|Any CPU.Build.0 = Debug|Any CPU
		{97A08BAD-EBD6-489E-B907-77EA15CA498D}.Release|Any CPU.ActiveCfg = Release|Any CPU
		{97A08BAD-EBD6-489E-B907-77EA15CA498D}.Release|Any CPU.Build.0 = Release|Any CPU
	EndGlobalSection
	GlobalSection(SolutionProperties) = preSolution
		HideSolutionNode = FALSE
	EndGlobalSection
	GlobalSection(NestedProjects) = preSolution
		{F36F50B9-36CF-49E5-B8F3-7B1527A5AE5F} = {4A3B07F0-5B27-4A84-82B6-F63409C3C302}
		{D4B520A0-9B53-4853-B18E-9E3447122552} = {4A3B07F0-5B27-4A84-82B6-F63409C3C302}
		{063BB679-347C-43E8-AF61-CA950BC134C5} = {4A3B07F0-5B27-4A84-82B6-F63409C3C302}
		{CE9EAB85-A65A-4B85-A1C2-CDF8DC5B3C4A} = {95664072-A5E1-4D90-ADDF-A2A3AC3D7836}
		{6690C3FB-ABBE-4C1A-8755-A05ED66AAC9A} = {CE9EAB85-A65A-4B85-A1C2-CDF8DC5B3C4A}
		{7402EEB1-1B0E-4D3D-97BC-E486CB064DAE} = {95664072-A5E1-4D90-ADDF-A2A3AC3D7836}
		{92AB0E52-4534-4432-A9AD-544B15934673} = {7402EEB1-1B0E-4D3D-97BC-E486CB064DAE}
		{3E76CA1B-FC93-455D-A96E-F58E71BFBCC4} = {92AB0E52-4534-4432-A9AD-544B15934673}
		{B845FEA0-BCED-4B16-8282-2E58B17FA2F2} = {3E76CA1B-FC93-455D-A96E-F58E71BFBCC4}
		{00330F86-0148-4DED-97FF-54C39A7070F8} = {6690C3FB-ABBE-4C1A-8755-A05ED66AAC9A}
		{75EEBF39-2A07-4C17-839D-9BE0E53BDB33} = {6690C3FB-ABBE-4C1A-8755-A05ED66AAC9A}
		{FBF156D3-F5B8-40FF-9E18-05ED4309AA1F} = {75EEBF39-2A07-4C17-839D-9BE0E53BDB33}
		{10598BDE-CE10-4EF4-B698-7CB753C60E0F} = {6690C3FB-ABBE-4C1A-8755-A05ED66AAC9A}
		{5BA165BD-19BE-48FA-A458-BF5CC67506FC} = {92AB0E52-4534-4432-A9AD-544B15934673}
		{97A08BAD-EBD6-489E-B907-77EA15CA498D} = {5BA165BD-19BE-48FA-A458-BF5CC67506FC}
	EndGlobalSection
	GlobalSection(ExtensibilityGlobals) = postSolution
		SolutionGuid = {03179225-A3B7-47F2-BED2-FFC518DCFD28}
	EndGlobalSection
EndGlobal
